<?xml version="1.0" encoding="utf-8"?>
<Project ToolsVersion="16.0" xmlns="http://schemas.microsoft.com/developer/msbuild/2003">
  <ItemGroup>
    <ClCompile Include="..\src\Refresh.c">
      <Filter>Source Files</Filter>
    </ClCompile>
    <ClCompile Include="..\src\Refresh_Driver_Vulkan.c">
      <Filter>Source Files</Filter>
    </ClCompile>
  </ItemGroup>
  <ItemGroup>
    <ClInclude Include="..\include\Refresh.h">
      <Filter>Header Files</Filter>
    </ClInclude>
    <ClInclude Include="..\src\Refresh_Driver.h">
      <Filter>Header Files</Filter>
    </ClInclude>
    <ClInclude Include="..\src\Refresh_Driver_Vulkan_vkfuncs.h">
      <Filter>Header Files</Filter>
    </ClInclude>
  </ItemGroup>
  <ItemGroup>
    <Filter Include="Header Files">
      <UniqueIdentifier>{3C728F3F-55A0-36BC-BEF0-5EEFAF91EE25}</UniqueIdentifier>
    </Filter>
    <Filter Include="Source Files">
      <UniqueIdentifier>{B2BA146C-CAA1-30BE-B7A9-F8D02673EA0C}</UniqueIdentifier>
    </Filter>
  </ItemGroup>
</Project>